Microsoft Visual Studio Solution File, Format Version 12.00
# Visual Studio 2013
VisualStudioVersion = 12.0.30324.0
MinimumVisualStudioVersion = 10.0.40219.1
Project("{656346D9-4656-40DA-A068-22D5425D4639}") = "RemObjects.Script", "Script\Source\RemObjects.Script\RemObjects.Script.oxygene", "{CAF9C919-D826-4452-910E-D8BA4861CD72}"
EndProject
Project("{656346D9-4656-40DA-A068-22D5425D4639}") = "RemObjects.Train", "RemObjects.Train\RemObjects.Train.oxygene", "{7E8CA883-87A3-4C65-9FEF-C46B1C763BCB}"
EndProject
Project("{656346D9-4656-40DA-A068-22D5425D4639}") = "Train", "Train\Train.oxygene", "{BD3C0F3C-4943-488F-9886-4BC65FFE4DC4}"
EndProject
Global
	GlobalSection(SolutionConfigurationPlatforms) = preSolution
		Debug|AnyCPU = Debug|AnyCPU
		Release|AnyCPU = Release|AnyCPU
	EndGlobalSection
	GlobalSection(ProjectConfigurationPlatforms) = postSolution
		{CAF9C919-D826-4452-910E-D8BA4861CD72}.Debug|AnyCPU.ActiveCfg = Debug
		{CAF9C919-D826-4452-910E-D8BA4861CD72}.Debug|AnyCPU.Build.0 = Debug
		{CAF9C919-D826-4452-910E-D8BA4861CD72}.Release|AnyCPU.ActiveCfg = Release
		{CAF9C919-D826-4452-910E-D8BA4861CD72}.Release|AnyCPU.Build.0 = Release
		{7E8CA883-87A3-4C65-9FEF-C46B1C763BCB}.Debug|AnyCPU.ActiveCfg = Debug
		{7E8CA883-87A3-4C65-9FEF-C46B1C763BCB}.Debug|AnyCPU.Build.0 = Debug
		{7E8CA883-87A3-4C65-9FEF-C46B1C763BCB}.Release|AnyCPU.ActiveCfg = Release
		{7E8CA883-87A3-4C65-9FEF-C46B1C763BCB}.Release|AnyCPU.Build.0 = Release
		{BD3C0F3C-4943-488F-9886-4BC65FFE4DC4}.Debug|AnyCPU.ActiveCfg = Debug
		{BD3C0F3C-4943-488F-9886-4BC65FFE4DC4}.Debug|AnyCPU.Build.0 = Debug
		{BD3C0F3C-4943-488F-9886-4BC65FFE4DC4}.Release|AnyCPU.ActiveCfg = Release
		{BD3C0F3C-4943-488F-9886-4BC65FFE4DC4}.Release|AnyCPU.Build.0 = Release
	EndGlobalSection
	GlobalSection(SolutionProperties) = preSolution
		HideSolutionNode = FALSE
	EndGlobalSection
EndGlobal
